
Microsoft Visual Studio Solution File, Format Version 12.00
# Visual Studio 15
VisualStudioVersion = 15.0.28307.902
MinimumVisualStudioVersion = 10.0.40219.1
Project("{9A19103F-16F7-4668-BE54-9A1E7A4F7556}") = "EBiz.CoreFramework.Web", "EBiz.CoreFramework.Web\EBiz.CoreFramework.Web.csproj", "{84B21F71-728E-478E-B650-A22ACB654EDE}"
EndProject
Project("{FAE04EC0-301F-11D3-BF4B-00C04F79EFBC}") = "EBiz.CoreFramework.Repository", "EBiz.CoreFramework.Repository\EBiz.CoreFramework.Repository.csproj", "{D900266B-CFA7-4201-8A91-724BF5D02752}"
EndProject
Project("{FAE04EC0-301F-11D3-BF4B-00C04F79EFBC}") = "EBiz.CoreFramework.DataAccess", "EBiz.CoreFramework.DataAccess\EBiz.CoreFramework.DataAccess.csproj", "{4FD1C361-B706-419C-BE89-EAC0E46FD8E3}"
EndProject
Project("{FAE04EC0-301F-11D3-BF4B-00C04F79EFBC}") = "EBiz.CoreFramework.Service", "EBiz.CoreFramework.Service\EBiz.CoreFramework.Service.csproj", "{748686E6-8074-4C36-8156-E04122228CC4}"
EndProject
Project("{FAE04EC0-301F-11D3-BF4B-00C04F79EFBC}") = "EBiz.CoreFramework.Infrastructure", "EBiz.CoreFramework.Infrastructure\EBiz.CoreFramework.Infrastructure.csproj", "{FAECCF16-FAC7-41E5-8FBF-6EB8A4ABB956}"
EndProject
Global
	GlobalSection(SolutionConfigurationPlatforms) = preSolution
		Debug|Any CPU = Debug|Any CPU
		Release|Any CPU = Release|Any CPU
	EndGlobalSection
	GlobalSection(ProjectConfigurationPlatforms) = postSolution
		{84B21F71-728E-478E-B650-A22ACB654EDE}.Debug|Any CPU.ActiveCfg = Debug|Any CPU
		{84B21F71-728E-478E-B650-A22ACB654EDE}.Debug|Any CPU.Build.0 = Debug|Any CPU
		{84B21F71-728E-478E-B650-A22ACB654EDE}.Release|Any CPU.ActiveCfg = Release|Any CPU
		{84B21F71-728E-478E-B650-A22ACB654EDE}.Release|Any CPU.Build.0 = Release|Any CPU
		{D900266B-CFA7-4201-8A91-724BF5D02752}.Debug|Any CPU.ActiveCfg = Debug|Any CPU
		{D900266B-CFA7-4201-8A91-724BF5D02752}.Debug|Any CPU.Build.0 = Debug|Any CPU
		{D900266B-CFA7-4201-8A91-724BF5D02752}.Release|Any CPU.ActiveCfg = Release|Any CPU
		{D900266B-CFA7-4201-8A91-724BF5D02752}.Release|Any CPU.Build.0 = Release|Any CPU
		{4FD1C361-B706-419C-BE89-EAC0E46FD8E3}.Debug|Any CPU.ActiveCfg = Debug|Any CPU
		{4FD1C361-B706-419C-BE89-EAC0E46FD8E3}.Debug|Any CPU.Build.0 = Debug|Any CPU
		{4FD1C361-B706-419C-BE89-EAC0E46FD8E3}.Release|Any CPU.ActiveCfg = Release|Any CPU
		{4FD1C361-B706-419C-BE89-EAC0E46FD8E3}.Release|Any CPU.Build.0 = Release|Any CPU
		{748686E6-8074-4C36-8156-E04122228CC4}.Debug|Any CPU.ActiveCfg = Debug|Any CPU
		{748686E6-8074-4C36-8156-E04122228CC4}.Debug|Any CPU.Build.0 = Debug|Any CPU
		{748686E6-8074-4C36-8156-E04122228CC4}.Release|Any CPU.ActiveCfg = Release|Any CPU
		{748686E6-8074-4C36-8156-E04122228CC4}.Release|Any CPU.Build.0 = Release|Any CPU
		{FAECCF16-FAC7-41E5-8FBF-6EB8A4ABB956}.Debug|Any CPU.ActiveCfg = Debug|Any CPU
		{FAECCF16-FAC7-41E5-8FBF-6EB8A4ABB956}.Debug|Any CPU.Build.0 = Debug|Any CPU
		{FAECCF16-FAC7-41E5-8FBF-6EB8A4ABB956}.Release|Any CPU.ActiveCfg = Release|Any CPU
		{FAECCF16-FAC7-41E5-8FBF-6EB8A4ABB956}.Release|Any CPU.Build.0 = Release|Any CPU
	EndGlobalSection
	GlobalSection(SolutionProperties) = preSolution
		HideSolutionNode = FALSE
	EndGlobalSection
	GlobalSection(ExtensibilityGlobals) = postSolution
		SolutionGuid = {37BB501A-507F-443F-9B99-ADF14A54C575}
	EndGlobalSection
EndGlobal
